
Microsoft Visual Studio Solution File, Format Version 12.00
# Visual Studio Version 17
VisualStudioVersion = 17.12.35521.163
MinimumVisualStudioVersion = 10.0.40219.1
Project("{FAE04EC0-301F-11D3-BF4B-00C04F79EFBC}") = "DiegoG.Finance", "DiegoG.Finance\DiegoG.Finance.csproj", "{DF8B7336-47BC-4C86-9590-1D2899E06672}"
EndProject
Project("{FAE04EC0-301F-11D3-BF4B-00C04F79EFBC}") = "DiegoG.Finance.Blazor", "DiegoG.Finance.Blazor\DiegoG.Finance.Blazor.csproj", "{A0E0BA36-EF7C-45F6-A716-7E433E1E128C}"
EndProject
Project("{FAE04EC0-301F-11D3-BF4B-00C04F79EFBC}") = "DiegoG.Finance.Sandbox", "DiegoG.Finance.Sandbox\DiegoG.Finance.Sandbox.csproj", "{C860AE16-B858-495E-9242-ECEC31EC1380}"
EndProject
Project("{2150E333-8FDC-42A3-9474-1A3956D46DE8}") = "External", "External", "{9C25C6AB-4C27-4FAA-B1EF-2DDA3F4EBC4F}"
EndProject
Project("{FAE04EC0-301F-11D3-BF4B-00C04F79EFBC}") = "GLV.Shared.Common", "..\GLV.Shared\GLV.Shared.Common\GLV.Shared.Common.csproj", "{E66699E4-C04D-4E31-8A10-5E629EE796C8}"
EndProject
Project("{FAE04EC0-301F-11D3-BF4B-00C04F79EFBC}") = "GLV.Shared.Blazor", "..\GLV.Shared\GLV.Shared.Blazor\GLV.Shared.Blazor.csproj", "{904F2A22-C927-4B0E-A476-8C2049BC4CB3}"
EndProject
Global
	GlobalSection(SolutionConfigurationPlatforms) = preSolution
		Debug|Any CPU = Debug|Any CPU
		Release|Any CPU = Release|Any CPU
	EndGlobalSection
	GlobalSection(ProjectConfigurationPlatforms) = postSolution
		{DF8B7336-47BC-4C86-9590-1D2899E06672}.Debug|Any CPU.ActiveCfg = Debug|Any CPU
		{DF8B7336-47BC-4C86-9590-1D2899E06672}.Debug|Any CPU.Build.0 = Debug|Any CPU
		{DF8B7336-47BC-4C86-9590-1D2899E06672}.Release|Any CPU.ActiveCfg = Release|Any CPU
		{DF8B7336-47BC-4C86-9590-1D2899E06672}.Release|Any CPU.Build.0 = Release|Any CPU
		{A0E0BA36-EF7C-45F6-A716-7E433E1E128C}.Debug|Any CPU.ActiveCfg = Debug|Any CPU
		{A0E0BA36-EF7C-45F6-A716-7E433E1E128C}.Debug|Any CPU.Build.0 = Debug|Any CPU
		{A0E0BA36-EF7C-45F6-A716-7E433E1E128C}.Release|Any CPU.ActiveCfg = Release|Any CPU
		{A0E0BA36-EF7C-45F6-A716-7E433E1E128C}.Release|Any CPU.Build.0 = Release|Any CPU
		{C860AE16-B858-495E-9242-ECEC31EC1380}.Debug|Any CPU.ActiveCfg = Debug|Any CPU
		{C860AE16-B858-495E-9242-ECEC31EC1380}.Debug|Any CPU.Build.0 = Debug|Any CPU
		{C860AE16-B858-495E-9242-ECEC31EC1380}.Release|Any CPU.ActiveCfg = Release|Any CPU
		{C860AE16-B858-495E-9242-ECEC31EC1380}.Release|Any CPU.Build.0 = Release|Any CPU
		{E66699E4-C04D-4E31-8A10-5E629EE796C8}.Debug|Any CPU.ActiveCfg = Debug|Any CPU
		{E66699E4-C04D-4E31-8A10-5E629EE796C8}.Debug|Any CPU.Build.0 = Debug|Any CPU
		{E66699E4-C04D-4E31-8A10-5E629EE796C8}.Release|Any CPU.ActiveCfg = Release|Any CPU
		{E66699E4-C04D-4E31-8A10-5E629EE796C8}.Release|Any CPU.Build.0 = Release|Any CPU
		{904F2A22-C927-4B0E-A476-8C2049BC4CB3}.Debug|Any CPU.ActiveCfg = Debug|Any CPU
		{904F2A22-C927-4B0E-A476-8C2049BC4CB3}.Debug|Any CPU.Build.0 = Debug|Any CPU
		{904F2A22-C927-4B0E-A476-8C2049BC4CB3}.Release|Any CPU.ActiveCfg = Release|Any CPU
		{904F2A22-C927-4B0E-A476-8C2049BC4CB3}.Release|Any CPU.Build.0 = Release|Any CPU
	EndGlobalSection
	GlobalSection(SolutionProperties) = preSolution
		HideSolutionNode = FALSE
	EndGlobalSection
	GlobalSection(NestedProjects) = preSolution
		{E66699E4-C04D-4E31-8A10-5E629EE796C8} = {9C25C6AB-4C27-4FAA-B1EF-2DDA3F4EBC4F}
		{904F2A22-C927-4B0E-A476-8C2049BC4CB3} = {9C25C6AB-4C27-4FAA-B1EF-2DDA3F4EBC4F}
	EndGlobalSection
EndGlobal
